// !$*UTF8*$!
{
	archiveVersion = 1;
	classes = {
	};
	objectVersion = 55;
	objects = {

/* Begin PBXBuildFile section */
		B6F51D2D2857767B0071A894 /* AppDelegate.swift in Sources */ = {isa = PBXBuildFile; fileRef = B6F51D2C2857767B0071A894 /* AppDelegate.swift */; };
		B6F51D2F2857767B0071A894 /* SceneDelegate.swift in Sources */ = {isa = PBXBuildFile; fileRef = B6F51D2E2857767B0071A894 /* SceneDelegate.swift */; };
		B6F51D312857767B0071A894 /* ViewController.swift in Sources */ = {isa = PBXBuildFile; fileRef = B6F51D302857767B0071A894 /* ViewController.swift */; };
		B6F51D342857767B0071A894 /* Main.storyboard in Resources */ = {isa = PBXBuildFile; fileRef = B6F51D322857767B0071A894 /* Main.storyboard */; };
		B6F51D362857767F0071A894 /* Assets.xcassets in Resources */ = {isa = PBXBuildFile; fileRef = B6F51D352857767F0071A894 /* Assets.xcassets */; };
		B6F51D392857767F0071A894 /* LaunchScreen.storyboard in Resources */ = {isa = PBXBuildFile; fileRef = B6F51D372857767F0071A894 /* LaunchScreen.storyboard */; };
		B6F51D412857802F0071A894 /* EntryViewController.swift in Sources */ = {isa = PBXBuildFile; fileRef = B6F51D402857802F0071A894 /* EntryViewController.swift */; };
		B6F51D43285780500071A894 /* TaskViewController.swift in Sources */ = {isa = PBXBuildFile; fileRef = B6F51D42285780500071A894 /* TaskViewController.swift */; };
/* End PBXBuildFile section */

/* Begin PBXFileReference section */
		B6F51D292857767B0071A894 /* Tasks.app */ = {isa = PBXFileReference; explicitFileType = wrapper.application; includeInIndex = 0; path = Tasks.app; sourceTree = BUILT_PRODUCTS_DIR; };
		B6F51D2C2857767B0071A894 /* AppDelegate.swift */ = {isa = PBXFileReference; lastKnownFileType = sourcecode.swift; path = AppDelegate.swift; sourceTree = "<group>"; };
		B6F51D2E2857767B0071A894 /* SceneDelegate.swift */ = {isa = PBXFileReference; lastKnownFileType = sourcecode.swift; path = SceneDelegate.swift; sourceTree = "<group>"; };
		B6F51D302857767B0071A894 /* ViewController.swift */ = {isa = PBXFileReference; lastKnownFileType = sourcecode.swift; path = ViewController.swift; sourceTree = "<group>"; };
		B6F51D332857767B0071A894 /* Base */ = {isa = PBXFileReference; lastKnownFileType = file.storyboard; name = Base; path = Base.lproj/Main.storyboard; sourceTree = "<group>"; };
		B6F51D352857767F0071A894 /* Assets.xcassets */ = {isa = PBXFileReference; lastKnownFileType = folder.assetcatalog; path = Assets.xcassets; sourceTree = "<group>"; };
		B6F51D382857767F0071A894 /* Base */ = {isa = PBXFileReference; lastKnownFileType = file.storyboard; name = Base; path = Base.lproj/LaunchScreen.storyboard; sourceTree = "<group>"; };
		B6F51D3A2857767F0071A894 /* Info.plist */ = {isa = PBXFileReference; lastKnownFileType = text.plist.xml; path = Info.plist; sourceTree = "<group>"; };
		B6F51D402857802F0071A894 /* EntryViewController.swift */ = {isa = PBXFileReference; lastKnownFileType = sourcecode.swift; path = EntryViewController.swift; sourceTree = "<group>"; };
		B6F51D42285780500071A894 /* TaskViewController.swift */ = {isa = PBXFileReference; lastKnownFileType = sourcecode.swift; path = TaskViewController.swift; sourceTree = "<group>"; };
/* End PBXFileReference section */

/* Begin PBXFrameworksBuildPhase section */
		B6F51D262857767B0071A894 /* Frameworks */ = {
			isa = PBXFrameworksBuildPhase;
			buildActionMask = 2147483647;
			files = (
			);
			runOnlyForDeploymentPostprocessing = 0;
		};
/* End PBXFrameworksBuildPhase section */

/* Begin PBXGroup section */
		B6F51D202857767B0071A894 = {
			isa = PBXGroup;
			children = (
				B6F51D2A2857767B0071A894 /* Products */,
				B6F51D2B2857767B0071A894 /* Tasks */,
			);
			sourceTree = "<group>";
		};
		B6F51D2A2857767B0071A894 /* Products */ = {
			isa = PBXGroup;
			children = (
				B6F51D292857767B0071A894 /* Tasks.app */,
			);
			name = Products;
			sourceTree = "<group>";
		};
		B6F51D2B2857767B0071A894 /* Tasks */ = {
			isa = PBXGroup;
			children = (
				B6F51D2C2857767B0071A894 /* AppDelegate.swift */,
				B6F51D2E2857767B0071A894 /* SceneDelegate.swift */,
				B6F51D302857767B0071A894 /* ViewController.swift */,
				B6F51D322857767B0071A894 /* Main.storyboard */,
				B6F51D352857767F0071A894 /* Assets.xcassets */,
				B6F51D372857767F0071A894 /* LaunchScreen.storyboard */,
				B6F51D3A2857767F0071A894 /* Info.plist */,
				B6F51D402857802F0071A894 /* EntryViewController.swift */,
				B6F51D42285780500071A894 /* TaskViewController.swift */,
			);
			path = Tasks;
			sourceTree = "<group>";
		};
/* End PBXGroup section */

/* Begin PBXNativeTarget section */
		B6F51D282857767B0071A894 /* Tasks */ = {
			isa = PBXNativeTarget;
			buildConfigurationList = B6F51D3D2857767F0071A894 /* Build configuration list for PBXNativeTarget "Tasks" */;
			buildPhases = (
				B6F51D252857767B0071A894 /* Sources */,
				B6F51D262857767B0071A894 /* Frameworks */,
				B6F51D272857767B0071A894 /* Resources */,
			);
			buildRules = (
			);
			dependencies = (
			);
			name = Tasks;
			productName = Tasks;
			productReference = B6F51D292857767B0071A894 /* Tasks.app */;
			productType = "com.apple.product-type.application";
		};
/* End PBXNativeTarget section */

/* Begin PBXProject section */
		B6F51D212857767B0071A894 /* Project object */ = {
			isa = PBXProject;
			attributes = {
				BuildIndependentTargetsInParallel = 1;
				LastSwiftUpdateCheck = 1340;
				LastUpgradeCheck = 1340;
				TargetAttributes = {
					B6F51D282857767B0071A894 = {
						CreatedOnToolsVersion = 13.4.1;
					};
				};
			};
			buildConfigurationList = B6F51D242857767B0071A894 /* Build configuration list for PBXProject "Tasks" */;
			compatibilityVersion = "Xcode 13.0";
			developmentRegion = en;
			hasScannedForEncodings = 0;
			knownRegions = (
				en,
				Base,
			);
			mainGroup = B6F51D202857767B0071A894;
			productRefGroup = B6F51D2A2857767B0071A894 /* Products */;
			projectDirPath = "";
			projectRoot = "";
			targets = (
				B6F51D282857767B0071A894 /* Tasks */,
			);
		};
/* End PBXProject section */

/* Begin PBXResourcesBuildPhase section */
		B6F51D272857767B0071A894 /* Resources */ = {
			isa = PBXResourcesBuildPhase;
			buildActionMask = 2147483647;
			files = (
				B6F51D392857767F0071A894 /* LaunchScreen.storyboard in Resources */,
				B6F51D362857767F0071A894 /* Assets.xcassets in Resources */,
				B6F51D342857767B0071A894 /* Main.storyboard in Resources */,
			);
			runOnlyForDeploymentPostprocessing = 0;
		};
/* End PBXResourcesBuildPhase section */

/* Begin PBXSourcesBuildPhase section */
		B6F51D252857767B0071A894 /* Sources */ = {
			isa = PBXSourcesBuildPhase;
			buildActionMask = 2147483647;
			files = (
				B6F51D312857767B0071A894 /* ViewController.swift in Sources */,
				B6F51D412857802F0071A894 /* EntryViewController.swift in Sources */,
				B6F51D43285780500071A894 /* TaskViewController.swift in Sources */,
				B6F51D2D2857767B0071A894 /* AppDelegate.swift in Sources */,
				B6F51D2F2857767B0071A894 /* SceneDelegate.swift in Sources */,
			);
			runOnlyForDeploymentPostprocessing = 0;
		};
/* End PBXSourcesBuildPhase section */

/* Begin PBXVariantGroup section */
		B6F51D322857767B0071A894 /* Main.storyboard */ = {
			isa = PBXVariantGroup;
			children = (
				B6F51D332857767B0071A894 /* Base */,
			);
			name = Main.storyboard;
			sourceTree = "<group>";
		};
		B6F51D372857767F0071A894 /* LaunchScreen.storyboard */ = {
			isa = PBXVariantGroup;
			children = (
				B6F51D382857767F0071A894 /* Base */,
			);
			name = LaunchScreen.storyboard;
			sourceTree = "<group>";
		};
/* End PBXVariantGroup section */

/* Begin XCBuildConfiguration section */
		B6F51D3B2857767F0071A894 /* Debug */ = {
			isa = XCBuildConfiguration;
			buildSettings = {
				ALWAYS_SEARCH_USER_PATHS = NO;
				CLANG_ANALYZER_NONNULL = YES;
				CLANG_ANALYZER_NUMBER_OBJECT_CONVERSION = YES_AGGRESSIVE;
				CLANG_CXX_LANGUAGE_STANDARD = "gnu++17";
				CLANG_ENABLE_MODULES = YES;
				CLANG_ENABLE_OBJC_ARC = YES;
				CLANG_ENABLE_OBJC_WEAK = YES;
				CLANG_WARN_BLOCK_CAPTURE_AUTORELEASING = YES;
				CLANG_WARN_BOOL_CONVERSION = YES;
				CLANG_WARN_COMMA = YES;
				CLANG_WARN_CONSTANT_CONVERSION = YES;
				CLANG_WARN_DEPRECATED_OBJC_IMPLEMENTATIONS = YES;
				CLANG_WARN_DIRECT_OBJC_ISA_USAGE = YES_ERROR;
				CLANG_WARN_DOCUMENTATION_COMMENTS = YES;
				CLANG_WARN_EMPTY_BODY = YES;
				CLANG_WARN_ENUM_CONVERSION = YES;
				CLANG_WARN_INFINITE_RECURSION = YES;
				CLANG_WARN_INT_CONVERSION = YES;
				CLANG_WARN_NON_LITERAL_NULL_CONVERSION = YES;
				CLANG_WARN_OBJC_IMPLICIT_RETAIN_SELF = YES;
				CLANG_WARN_OBJC_LITERAL_CONVERSION = YES;
				CLANG_WARN_OBJC_ROOT_CLASS = YES_ERROR;
				CLANG_WARN_QUOTED_INCLUDE_IN_FRAMEWORK_HEADER = YES;
				CLANG_WARN_RANGE_LOOP_ANALYSIS = YES;
				CLANG_WARN_STRICT_PROTOTYPES = YES;
				CLANG_WARN_SUSPICIOUS_MOVE = YES;
				CLANG_WARN_UNGUARDED_AVAILABILITY = YES_AGGRESSIVE;
				CLANG_WARN_UNREACHABLE_CODE = YES;
				CLANG_WARN__DUPLICATE_METHOD_MATCH = YES;
				COPY_PHASE_STRIP = NO;
				DEBUG_INFORMATION_FORMAT = dwarf;
				ENABLE_STRICT_OBJC_MSGSEND = YES;
				ENABLE_TESTABILITY = YES;
				GCC_C_LANGUAGE_STANDARD = gnu11;
				GCC_DYNAMIC_NO_PIC = NO;
				GCC_NO_COMMON_BLOCKS = YES;
				GCC_OPTIMIZATION_LEVEL = 0;
				GCC_PREPROCESSOR_DEFINITIONS = (
					"DEBUG=1",
					"$(inherited)",
				);
				GCC_WARN_64_TO_32_BIT_CONVERSION = YES;
				GCC_WARN_ABOUT_RETURN_TYPE = YES_ERROR;
				GCC_WARN_UNDECLARED_SELECTOR = YES;
				GCC_WARN_UNINITIALIZED_AUTOS = YES_AGGRESSIVE;
				GCC_WARN_UNUSED_FUNCTION = YES;
				GCC_WARN_UNUSED_VARIABLE = YES;
				IPHONEOS_DEPLOYMENT_TARGET = 15.5;
				MTL_ENABLE_DEBUG_INFO = INCLUDE_SOURCE;
				MTL_FAST_MATH = YES;
				ONLY_ACTIVE_ARCH = YES;
				SDKROOT = iphoneos;
				SWIFT_ACTIVE_COMPILATION_CONDITIONS = DEBUG;
				SWIFT_OPTIMIZATION_LEVEL = "-Onone";
			};
			name = Debug;
		};
		B6F51D3C2857767F0071A894 /* Release */ = {
			isa = XCBuildConfiguration;
			buildSettings = {
				ALWAYS_SEARCH_USER_PATHS = NO;
				CLANG_ANALYZER_NONNULL = YES;
				CLANG_ANALYZER_NUMBER_OBJECT_CONVERSION = YES_AGGRESSIVE;
				CLANG_CXX_LANGUAGE_STANDARD = "gnu++17";
				CLANG_ENABLE_MODULES = YES;
				CLANG_ENABLE_OBJC_ARC = YES;
				CLANG_ENABLE_OBJC_WEAK = YES;
				CLANG_WARN_BLOCK_CAPTURE_AUTORELEASING = YES;
				CLANG_WARN_BOOL_CONVERSION = YES;
				CLANG_WARN_COMMA = YES;
				CLANG_WARN_CONSTANT_CONVERSION = YES;
				CLANG_WARN_DEPRECATED_OBJC_IMPLEMENTATIONS = YES;
				CLANG_WARN_DIRECT_OBJC_ISA_USAGE = YES_ERROR;
				CLANG_WARN_DOCUMENTATION_COMMENTS = YES;
				CLANG_WARN_EMPTY_BODY = YES;
				CLANG_WARN_ENUM_CONVERSION = YES;
				CLANG_WARN_INFINITE_RECURSION = YES;
				CLANG_WARN_INT_CONVERSION = YES;
				CLANG_WARN_NON_LITERAL_NULL_CONVERSION = YES;
				CLANG_WARN_OBJC_IMPLICIT_RETAIN_SELF = YES;
				CLANG_WARN_OBJC_LITERAL_CONVERSION = YES;
				CLANG_WARN_OBJC_ROOT_CLASS = YES_ERROR;
				CLANG_WARN_QUOTED_INCLUDE_IN_FRAMEWORK_HEADER = YES;
				CLANG_WARN_RANGE_LOOP_ANALYSIS = YES;
				CLANG_WARN_STRICT_PROTOTYPES = YES;
				CLANG_WARN_SUSPICIOUS_MOVE = YES;
				CLANG_WARN_UNGUARDED_AVAILABILITY = YES_AGGRESSIVE;
				CLANG_WARN_UNREACHABLE_CODE = YES;
				CLANG_WARN__DUPLICATE_METHOD_MATCH = YES;
				COPY_PHASE_STRIP = NO;
				DEBUG_INFORMATION_FORMAT = "dwarf-with-dsym";
				ENABLE_NS_ASSERTIONS = NO;
				ENABLE_STRICT_OBJC_MSGSEND = YES;
				GCC_C_LANGUAGE_STANDARD = gnu11;
				GCC_NO_COMMON_BLOCKS = YES;
				GCC_WARN_64_TO_32_BIT_CONVERSION = YES;
				GCC_WARN_ABOUT_RETURN_TYPE = YES_ERROR;
				GCC_WARN_UNDECLARED_SELECTOR = YES;
				GCC_WARN_UNINITIALIZED_AUTOS = YES_AGGRESSIVE;
				GCC_WARN_UNUSED_FUNCTION = YES;
				GCC_WARN_UNUSED_VARIABLE = YES;
				IPHONEOS_DEPLOYMENT_TARGET = 15.5;
				MTL_ENABLE_DEBUG_INFO = NO;
				MTL_FAST_MATH = YES;
				SDKROOT = iphoneos;
				SWIFT_COMPILATION_MODE = wholemodule;
				SWIFT_OPTIMIZATION_LEVEL = "-O";
				VALIDATE_PRODUCT = YES;
			};
			name = Release;
		};
		B6F51D3E2857767F0071A894 /* Debug */ = {
			isa = XCBuildConfiguration;
			buildSettings = {
				ASSETCATALOG_COMPILER_APPICON_NAME = AppIcon;
				ASSETCATALOG_COMPILER_GLOBAL_ACCENT_COLOR_NAME = AccentColor;
				CODE_SIGN_STYLE = Automatic;
				CURRENT_PROJECT_VERSION = 1;
				DEVELOPMENT_TEAM = 53KAYH5678;
				GENERATE_INFOPLIST_FILE = YES;
				INFOPLIST_FILE = Tasks/Info.plist;
				INFOPLIST_KEY_UIApplicationSupportsIndirectInputEvents = YES;
				INFOPLIST_KEY_UILaunchStoryboardName = LaunchScreen;
				INFOPLIST_KEY_UIMainStoryboardFile = Main;
				INFOPLIST_KEY_UISupportedInterfaceOrientations_iPad = "UIInterfaceOrientationPortrait UIInterfaceOrientationPortraitUpsideDown UIInterfaceOrientationLandscapeLeft UIInterfaceOrientationLandscapeRight";
				INFOPLIST_KEY_UISupportedInterfaceOrientations_iPhone = "UIInterfaceOrientationPortrait UIInterfaceOrientationLandscapeLeft UIInterfaceOrientationLandscapeRight";
				LD_RUNPATH_SEARCH_PATHS = (
					"$(inherited)",
					"@executable_path/Frameworks",
				);
				MARKETING_VERSION = 1.0;
				PRODUCT_BUNDLE_IDENTIFIER = org.qcri.Tasks;
				PRODUCT_NAME = "$(TARGET_NAME)";
				SWIFT_EMIT_LOC_STRINGS = YES;
				SWIFT_VERSION = 5.0;
				TARGETED_DEVICE_FAMILY = "1,2";
			};
			name = Debug;
		};
		B6F51D3F2857767F0071A894 /* Release */ = {
			isa = XCBuildConfiguration;
			buildSettings = {
				ASSETCATALOG_COMPILER_APPICON_NAME = AppIcon;
				ASSETCATALOG_COMPILER_GLOBAL_ACCENT_COLOR_NAME = AccentColor;
				CODE_SIGN_STYLE = Automatic;
				CURRENT_PROJECT_VERSION = 1;
				DEVELOPMENT_TEAM = 53KAYH5678;
				GENERATE_INFOPLIST_FILE = YES;
				INFOPLIST_FILE = Tasks/Info.plist;
				INFOPLIST_KEY_UIApplicationSupportsIndirectInputEvents = YES;
				INFOPLIST_KEY_UILaunchStoryboardName = LaunchScreen;
				INFOPLIST_KEY_UIMainStoryboardFile = Main;
				INFOPLIST_KEY_UISupportedInterfaceOrientations_iPad = "UIInterfaceOrientationPortrait UIInterfaceOrientationPortraitUpsideDown UIInterfaceOrientationLandscapeLeft UIInterfaceOrientationLandscapeRight";
				INFOPLIST_KEY_UISupportedInterfaceOrientations_iPhone = "UIInterfaceOrientationPortrait UIInterfaceOrientationLandscapeLeft UIInterfaceOrientationLandscapeRight";
				LD_RUNPATH_SEARCH_PATHS = (
					"$(inherited)",
					"@executable_path/Frameworks",
				);
				MARKETING_VERSION = 1.0;
				PRODUCT_BUNDLE_IDENTIFIER = org.qcri.Tasks;
				PRODUCT_NAME = "$(TARGET_NAME)";
				SWIFT_EMIT_LOC_STRINGS = YES;
				SWIFT_VERSION = 5.0;
				TARGETED_DEVICE_FAMILY = "1,2";
			};
			name = Release;
		};
/* End XCBuildConfiguration section */

/* Begin XCConfigurationList section */
		B6F51D242857767B0071A894 /* Build configuration list for PBXProject "Tasks" */ = {
			isa = XCConfigurationList;
			buildConfigurations = (
				B6F51D3B2857767F0071A894 /* Debug */,
				B6F51D3C2857767F0071A894 /* Release */,
			);
			defaultConfigurationIsVisible = 0;
			defaultConfigurationName = Release;
		};
		B6F51D3D2857767F0071A894 /* Build configuration list for PBXNativeTarget "Tasks" */ = {
			isa = XCConfigurationList;
			buildConfigurations = (
				B6F51D3E2857767F0071A894 /* Debug */,
				B6F51D3F2857767F0071A894 /* Release */,
			);
			defaultConfigurationIsVisible = 0;
			defaultConfigurationName = Release;
		};
/* End XCConfigurationList section */
	};
	rootObject = B6F51D212857767B0071A894 /* Project object */;
}
